
Microsoft Visual Studio Solution File, Format Version 12.00
# Visual Studio Version 16
VisualStudioVersion = 16.0.31424.327
MinimumVisualStudioVersion = 10.0.40219.1
Project("{FAE04EC0-301F-11D3-BF4B-00C04F79EFBC}") = "SandovalDevon_MeridaJohan_Lambda", "SandovalDevon_MeridaJohan_Lambda\SandovalDevon_MeridaJohan_Lambda.csproj", "{042F09CC-5978-48A9-842C-2E63677C9332}"
EndProject
Global
	GlobalSection(SolutionConfigurationPlatforms) = preSolution
		Debug|Any CPU = Debug|Any CPU
		Release|Any CPU = Release|Any CPU
	EndGlobalSection
	GlobalSection(ProjectConfigurationPlatforms) = postSolution
		{042F09CC-5978-48A9-842C-2E63677C9332}.Debug|Any CPU.ActiveCfg = Debug|Any CPU
		{042F09CC-5978-48A9-842C-2E63677C9332}.Debug|Any CPU.Build.0 = Debug|Any CPU
		{042F09CC-5978-48A9-842C-2E63677C9332}.Release|Any CPU.ActiveCfg = Release|Any CPU
		{042F09CC-5978-48A9-842C-2E63677C9332}.Release|Any CPU.Build.0 = Release|Any CPU
	EndGlobalSection
	GlobalSection(SolutionProperties) = preSolution
		HideSolutionNode = FALSE
	EndGlobalSection
	GlobalSection(ExtensibilityGlobals) = postSolution
		SolutionGuid = {946F1937-E2A7-43EF-8EA5-8535B41B3921}
	EndGlobalSection
EndGlobal
